  <ItemGroup>
    <ClCompile Include="BattleCommandUi.cpp" />
    <ClCompile Include="BattleRenderer.cpp" />
    <ClCompile Include="BattleRendererHud.cpp" />
    <ClCompile Include="BattleRendererWorld.cpp" />
    <ClCompile Include="BattleRendererWorldEffects.cpp" />
    <ClCompile Include="BattleRendererWorldStructures.cpp" />
    <ClCompile Include="BattleRendererWorldUnits.cpp" />
    <ClCompile Include="BattleSession.cpp" />
    <ClCompile Include="BattleSessionCache.cpp" />
    <ClCompile Include="BattleSessionCombat.cpp" />
    <ClCompile Include="BattleSessionCommands.cpp" />
    <ClCompile Include="BattleSessionEconomy.cpp" />
    <ClCompile Include="BattleSessionEnemyAiDebug.cpp" />
    <ClCompile Include="BattleSessionMovement.cpp" />
    <ClCompile Include="BattleSessionProduction.cpp" />
    <ClCompile Include="BattleSessionQuery.cpp" />
    <ClCompile Include="BattleSessionTutorial.cpp" />
    <ClCompile Include="BattleSessionWorld.cpp" />
    <ClCompile Include="BonusRoomScene.cpp" />
    <ClCompile Include="ContinueRunSave.cpp" />
    <ClCompile Include="ContinueRunSave.Location.cpp" />
    <ClCompile Include="ContinueRunSave.Persistence.cpp" />
    <ClCompile Include="ContinueRunSave.Toml.cpp" />
    <ClCompile Include="ContinueRunSave.Validation.cpp" />
    <ClCompile Include="Main.cpp" />
    <ClCompile Include="stdafx.cpp" />
    <ClCompile Include="BattleConstructionController.cpp" />
    <ClCompile Include="BattleInputController.cpp" />
    <ClCompile Include="BattleScene.cpp" />
    <ClCompile Include="BattleCommandUiQueries.cpp" />
    <ClCompile Include="BattleRendererHudCommandPanel.cpp" />
    <ClCompile Include="BattleRendererHudQueuePanel.cpp" />
    <ClCompile Include="BattleCommandUiQueriesProduction.cpp" />
    <ClCompile Include="BattleCommandUiQueriesUpgrade.cpp" />
    <ClCompile Include="BattleCommandUiQueriesConstruction.cpp" />
    <ClCompile Include="MapEditScene.cpp" />
    <ClCompile Include="MapEditScene.Persistence.cpp" />
    <ClCompile Include="MapEditScene.Draw.cpp" />
    <ClCompile Include="MapEditScene.Input.cpp" />
    <ClCompile Include="MapEditScene.Converters.cpp" />
    <ClCompile Include="MapEditScene.Input.Panels.cpp" />
    <ClCompile Include="MapEditScene.Input.Canvas.cpp" />
    <ClCompile Include="TitleScene.cpp" />
    <ClCompile Include="TitleScene.Draw.cpp" />
    <ClCompile Include="BalanceEditScene.cpp" />
    <ClCompile Include="BalanceEditScene.Draw.cpp" />
    <ClCompile Include="BalanceEditScene.Input.cpp" />
    <ClCompile Include="BalanceEditScene.Persistence.cpp" />
    <ClCompile Include="BalanceEditScene.Help.cpp" />
    <ClCompile Include="BalanceEditScene.Converters.cpp" />
  </ItemGroup>