
Microsoft Visual Studio Solution File, Format Version 12.00
# Visual Studio Version 18
VisualStudioVersion = 18.4.11605.240
MinimumVisualStudioVersion = 10.0.40219.1
Project("{8BC9CEB8-8B4A-11D0-8D11-00A0C91BC942}") = "LoganToga", "LoganToga\LoganToga.vcxproj", "{62F59482-1FED-4C0D-AE65-A7A1D1FD34D1}"
EndProject
Project("{8BC9CEB8-8B4A-11D0-8D11-00A0C91BC942}") = "MapEditor", "MapEditor\MapEditor.vcxproj", "{622D24D4-3B38-4A4F-A4C1-990BD36D14D7}"
EndProject
Project("{8BC9CEB8-8B4A-11D0-8D11-00A0C91BC942}") = "LoganToga2", "LoganToga2\LoganToga2.vcxproj", "{C7EA9D59-DFC3-4A41-9A6C-C4E2ACE504AC}"
EndProject
Project("{8BC9CEB8-8B4A-11D0-8D11-00A0C91BC942}") = "LoganToga2Remake", "LoganToga2Remake\LoganToga2Remake.vcxproj", "{1F90C573-13A2-4B26-9687-9E480E7A9CE1}"
EndProject
Project("{8BC9CEB8-8B4A-11D0-8D11-00A0C91BC942}") = "LoganToga2Remake2", "LoganToga2Remake2\LoganToga2Remake2.vcxproj", "{93809207-7695-4056-9C9A-159C2D35F507}"
EndProject
Project("{8BC9CEB8-8B4A-11D0-8D11-00A0C91BC942}") = "base", "base\base.vcxproj", "{9F828214-F9B7-42A3-9629-B394802114A8}"
EndProject
Project("{8BC9CEB8-8B4A-11D0-8D11-00A0C91BC942}") = "Sample", "Sample\Sample.vcxproj", "{CEA3135E-1F42-47FE-A79D-53AC6033391C}"
EndProject
Project("{8BC9CEB8-8B4A-11D0-8D11-00A0C91BC942}") = "ff", "ff\ff.vcxproj", "{CC0268AB-5A9A-4C3D-B3A6-726409424886}"
EndProject
Project("{8BC9CEB8-8B4A-11D0-8D11-00A0C91BC942}") = "qqq", "qqq\qqq.vcxproj", "{FE1B0F09-C0C9-4A12-BA23-F1BEF4560E46}"
EndProject
Project("{8BC9CEB8-8B4A-11D0-8D11-00A0C91BC942}") = "SKY", "SKY\SKY.vcxproj", "{0A50716C-3409-4BC9-AC05-80F1B3267550}"
EndProject
Project("{8BC9CEB8-8B4A-11D0-8D11-00A0C91BC942}") = "3D_Pi", "3D_Pi\3D_Pi.vcxproj", "{1095C03F-ECC6-4663-B06B-EDD43D9FF012}"
EndProject
Global
	GlobalSection(SolutionConfigurationPlatforms) = preSolution
		BattleDebug|x64 = BattleDebug|x64
		Debug|x64 = Debug|x64
		Release|x64 = Release|x64
	EndGlobalSection
	GlobalSection(ProjectConfigurationPlatforms) = postSolution
		{62F59482-1FED-4C0D-AE65-A7A1D1FD34D1}.BattleDebug|x64.ActiveCfg = Debug|x64
		{62F59482-1FED-4C0D-AE65-A7A1D1FD34D1}.BattleDebug|x64.Build.0 = Debug|x64
		{62F59482-1FED-4C0D-AE65-A7A1D1FD34D1}.Debug|x64.ActiveCfg = Debug|x64
		{62F59482-1FED-4C0D-AE65-A7A1D1FD34D1}.Debug|x64.Build.0 = Debug|x64
		{62F59482-1FED-4C0D-AE65-A7A1D1FD34D1}.Release|x64.ActiveCfg = Release|x64
		{62F59482-1FED-4C0D-AE65-A7A1D1FD34D1}.Release|x64.Build.0 = Release|x64
		{622D24D4-3B38-4A4F-A4C1-990BD36D14D7}.BattleDebug|x64.ActiveCfg = Debug|x64
		{622D24D4-3B38-4A4F-A4C1-990BD36D14D7}.BattleDebug|x64.Build.0 = Debug|x64
		{622D24D4-3B38-4A4F-A4C1-990BD36D14D7}.Debug|x64.ActiveCfg = Debug|x64
		{622D24D4-3B38-4A4F-A4C1-990BD36D14D7}.Debug|x64.Build.0 = Debug|x64
		{622D24D4-3B38-4A4F-A4C1-990BD36D14D7}.Release|x64.ActiveCfg = Release|x64
		{622D24D4-3B38-4A4F-A4C1-990BD36D14D7}.Release|x64.Build.0 = Release|x64
		{C7EA9D59-DFC3-4A41-9A6C-C4E2ACE504AC}.BattleDebug|x64.ActiveCfg = BattleDebug|x64
		{C7EA9D59-DFC3-4A41-9A6C-C4E2ACE504AC}.BattleDebug|x64.Build.0 = BattleDebug|x64
		{C7EA9D59-DFC3-4A41-9A6C-C4E2ACE504AC}.Debug|x64.ActiveCfg = Debug|x64
		{C7EA9D59-DFC3-4A41-9A6C-C4E2ACE504AC}.Debug|x64.Build.0 = Debug|x64
		{C7EA9D59-DFC3-4A41-9A6C-C4E2ACE504AC}.Release|x64.ActiveCfg = Release|x64
		{C7EA9D59-DFC3-4A41-9A6C-C4E2ACE504AC}.Release|x64.Build.0 = Release|x64
		{1F90C573-13A2-4B26-9687-9E480E7A9CE1}.BattleDebug|x64.ActiveCfg = Release|x64
		{1F90C573-13A2-4B26-9687-9E480E7A9CE1}.BattleDebug|x64.Build.0 = Release|x64
		{1F90C573-13A2-4B26-9687-9E480E7A9CE1}.Debug|x64.ActiveCfg = Debug|x64
		{1F90C573-13A2-4B26-9687-9E480E7A9CE1}.Debug|x64.Build.0 = Debug|x64
		{1F90C573-13A2-4B26-9687-9E480E7A9CE1}.Release|x64.ActiveCfg = Release|x64
		{1F90C573-13A2-4B26-9687-9E480E7A9CE1}.Release|x64.Build.0 = Release|x64
		{93809207-7695-4056-9C9A-159C2D35F507}.BattleDebug|x64.ActiveCfg = Release|x64
		{93809207-7695-4056-9C9A-159C2D35F507}.BattleDebug|x64.Build.0 = Release|x64
		{93809207-7695-4056-9C9A-159C2D35F507}.Debug|x64.ActiveCfg = Debug|x64
		{93809207-7695-4056-9C9A-159C2D35F507}.Debug|x64.Build.0 = Debug|x64
		{93809207-7695-4056-9C9A-159C2D35F507}.Release|x64.ActiveCfg = Release|x64
		{93809207-7695-4056-9C9A-159C2D35F507}.Release|x64.Build.0 = Release|x64
		{9F828214-F9B7-42A3-9629-B394802114A8}.BattleDebug|x64.ActiveCfg = Release|x64
		{9F828214-F9B7-42A3-9629-B394802114A8}.BattleDebug|x64.Build.0 = Release|x64
		{9F828214-F9B7-42A3-9629-B394802114A8}.Debug|x64.ActiveCfg = Debug|x64
		{9F828214-F9B7-42A3-9629-B394802114A8}.Debug|x64.Build.0 = Debug|x64
		{9F828214-F9B7-42A3-9629-B394802114A8}.Release|x64.ActiveCfg = Release|x64
		{9F828214-F9B7-42A3-9629-B394802114A8}.Release|x64.Build.0 = Release|x64
		{CEA3135E-1F42-47FE-A79D-53AC6033391C}.BattleDebug|x64.ActiveCfg = Release|x64
		{CEA3135E-1F42-47FE-A79D-53AC6033391C}.BattleDebug|x64.Build.0 = Release|x64
		{CEA3135E-1F42-47FE-A79D-53AC6033391C}.Debug|x64.ActiveCfg = Debug|x64
		{CEA3135E-1F42-47FE-A79D-53AC6033391C}.Debug|x64.Build.0 = Debug|x64
		{CEA3135E-1F42-47FE-A79D-53AC6033391C}.Release|x64.ActiveCfg = Release|x64
		{CEA3135E-1F42-47FE-A79D-53AC6033391C}.Release|x64.Build.0 = Release|x64
		{CC0268AB-5A9A-4C3D-B3A6-726409424886}.BattleDebug|x64.ActiveCfg = Release|x64
		{CC0268AB-5A9A-4C3D-B3A6-726409424886}.BattleDebug|x64.Build.0 = Release|x64
		{CC0268AB-5A9A-4C3D-B3A6-726409424886}.Debug|x64.ActiveCfg = Debug|x64
		{CC0268AB-5A9A-4C3D-B3A6-726409424886}.Debug|x64.Build.0 = Debug|x64
		{CC0268AB-5A9A-4C3D-B3A6-726409424886}.Release|x64.ActiveCfg = Release|x64
		{CC0268AB-5A9A-4C3D-B3A6-726409424886}.Release|x64.Build.0 = Release|x64
		{FE1B0F09-C0C9-4A12-BA23-F1BEF4560E46}.BattleDebug|x64.ActiveCfg = Release|x64
		{FE1B0F09-C0C9-4A12-BA23-F1BEF4560E46}.BattleDebug|x64.Build.0 = Release|x64
		{FE1B0F09-C0C9-4A12-BA23-F1BEF4560E46}.Debug|x64.ActiveCfg = Debug|x64
		{FE1B0F09-C0C9-4A12-BA23-F1BEF4560E46}.Debug|x64.Build.0 = Debug|x64
		{FE1B0F09-C0C9-4A12-BA23-F1BEF4560E46}.Release|x64.ActiveCfg = Release|x64
		{FE1B0F09-C0C9-4A12-BA23-F1BEF4560E46}.Release|x64.Build.0 = Release|x64
		{0A50716C-3409-4BC9-AC05-80F1B3267550}.BattleDebug|x64.ActiveCfg = Release|x64
		{0A50716C-3409-4BC9-AC05-80F1B3267550}.BattleDebug|x64.Build.0 = Release|x64
		{0A50716C-3409-4BC9-AC05-80F1B3267550}.Debug|x64.ActiveCfg = Debug|x64
		{0A50716C-3409-4BC9-AC05-80F1B3267550}.Debug|x64.Build.0 = Debug|x64
		{0A50716C-3409-4BC9-AC05-80F1B3267550}.Release|x64.ActiveCfg = Release|x64
		{0A50716C-3409-4BC9-AC05-80F1B3267550}.Release|x64.Build.0 = Release|x64
		{1095C03F-ECC6-4663-B06B-EDD43D9FF012}.BattleDebug|x64.ActiveCfg = Release|x64
		{1095C03F-ECC6-4663-B06B-EDD43D9FF012}.BattleDebug|x64.Build.0 = Release|x64
		{1095C03F-ECC6-4663-B06B-EDD43D9FF012}.Debug|x64.ActiveCfg = Debug|x64
		{1095C03F-ECC6-4663-B06B-EDD43D9FF012}.Debug|x64.Build.0 = Debug|x64
		{1095C03F-ECC6-4663-B06B-EDD43D9FF012}.Release|x64.ActiveCfg = Release|x64
		{1095C03F-ECC6-4663-B06B-EDD43D9FF012}.Release|x64.Build.0 = Release|x64
	EndGlobalSection
	GlobalSection(SolutionProperties) = preSolution
		HideSolutionNode = FALSE
	EndGlobalSection
	GlobalSection(ExtensibilityGlobals) = postSolution
		SolutionGuid = {F6A8FCD5-6D21-4F60-B68C-F120C85650F9}
	EndGlobalSection
EndGlobal
